DEPENDENCIES
  mongo
    git: git@github.com:Aidan-Clark/week9-chef-mongo.git
    revision: f6dc3776c20973c2b9fa19a52c4acb36fe098a16
  node
    git: git@github.com:Aidan-Clark/week9-chef-node.git
    revision: 99bb0de1a440f9caf7809607f8c2f697e5e49afd

GRAPH
  apt (7.1.1)
  ark (4.0.0)
    build-essential (>= 0.0.0)
    seven_zip (>= 0.0.0)
  build-essential (8.2.1)
    mingw (>= 1.1)
    seven_zip (>= 0.0.0)
  mingw (2.1.0)
    seven_zip (>= 0.0.0)
  mongo (0.1.0)
    apt (>= 0.0.0)
  node (0.1.0)
    apt (>= 0.0.0)
    nodejs (= 5.0.0)
  nodejs (5.0.0)
    ark (>= 2.0.2)
    build-essential (>= 0.0.0)
  seven_zip (3.1.0)
    windows (>= 0.0.0)
  windows (5.2.3)
